
Microsoft Visual Studio Solution File, Format Version 12.00
# Visual Studio 15
VisualStudioVersion = 15.0.35026.233
MinimumVisualStudioVersion = 10.0.40219.1
Project("{8BC9CEB8-8B4A-11D0-8D11-00A0C91BC942}") = "rgb_to_mp4", "rgb_to_mp4\rgb_to_mp4.vcxproj", "{56DE838B-D3EC-4B4E-A27C-11EAFD22B352}"
EndProject
Global
	GlobalSection(SolutionConfigurationPlatforms) = preSolution
		Debug|x64 = Debug|x64
		Debug|x86 = Debug|x86
		Release|x64 = Release|x64
		Release|x86 = Release|x86
	EndGlobalSection
	GlobalSection(ProjectConfigurationPlatforms) = postSolution
		{56DE838B-D3EC-4B4E-A27C-11EAFD22B352}.Debug|x64.ActiveCfg = Debug|x64
		{56DE838B-D3EC-4B4E-A27C-11EAFD22B352}.Debug|x64.Build.0 = Debug|x64
		{56DE838B-D3EC-4B4E-A27C-11EAFD22B352}.Debug|x86.ActiveCfg = Debug|Win32
		{56DE838B-D3EC-4B4E-A27C-11EAFD22B352}.Debug|x86.Build.0 = Debug|Win32
		{56DE838B-D3EC-4B4E-A27C-11EAFD22B352}.Release|x64.ActiveCfg = Release|x64
		{56DE838B-D3EC-4B4E-A27C-11EAFD22B352}.Release|x64.Build.0 = Release|x64
		{56DE838B-D3EC-4B4E-A27C-11EAFD22B352}.Release|x86.ActiveCfg = Release|Win32
		{56DE838B-D3EC-4B4E-A27C-11EAFD22B352}.Release|x86.Build.0 = Release|Win32
	EndGlobalSection
	GlobalSection(SolutionProperties) = preSolution
		HideSolutionNode = FALSE
	EndGlobalSection
	GlobalSection(ExtensibilityGlobals) = postSolution
		SolutionGuid = {4999E33C-DB00-48C2-8DB1-95DE7E5D3092}
	EndGlobalSection
EndGlobal
