
Microsoft Visual Studio Solution File, Format Version 12.00
# Visual Studio 15
VisualStudioVersion = 15.0.35026.233
MinimumVisualStudioVersion = 10.0.40219.1
Project("{8BC9CEB8-8B4A-11D0-8D11-00A0C91BC942}") = "XCapture", "XCapture\XCapture.vcxproj", "{37A3781B-3681-4053-B842-8D57C73C412E}"
EndProject
Global
	GlobalSection(SolutionConfigurationPlatforms) = preSolution
		Debug|x86 = Debug|x86
		Release|x86 = Release|x86
	EndGlobalSection
	GlobalSection(ProjectConfigurationPlatforms) = postSolution
		{37A3781B-3681-4053-B842-8D57C73C412E}.Debug|x86.ActiveCfg = Debug|Win32
		{37A3781B-3681-4053-B842-8D57C73C412E}.Debug|x86.Build.0 = Debug|Win32
		{37A3781B-3681-4053-B842-8D57C73C412E}.Release|x86.ActiveCfg = Release|Win32
		{37A3781B-3681-4053-B842-8D57C73C412E}.Release|x86.Build.0 = Release|Win32
	EndGlobalSection
	GlobalSection(SolutionProperties) = preSolution
		HideSolutionNode = FALSE
	EndGlobalSection
	GlobalSection(ExtensibilityGlobals) = postSolution
		SolutionGuid = {AC337BCA-4572-4706-84F8-68D2CB551941}
	EndGlobalSection
EndGlobal
